title: ExternalVolumeAttachmentBlock
type: object
description: Configuration for a block volume attachment.
required: [type, mode, details]
properties:
  type:
    type: string
    enum: [block]
  mode:
    type: string
    description: The access mode for the attachment.
    enum:
      - single-instance-writer
      - single-instance-read-only
      - single-node-writer
      - single-node-read-only
      - multi-node-writer
      - multi-node-read-only
  details:
    type: object
    description: Details for a block attachment. Present when `type` is `block`.
    # No fields today, reserved for future expansion
    properties: {}
    additionalProperties: false
